
Microsoft Visual Studio Solution File, Format Version 12.00
# Visual Studio Version 17
VisualStudioVersion = 17.1.32319.34
MinimumVisualStudioVersion = 10.0.40219.1
Project("{9A19103F-16F7-4668-BE54-9A1E7A4F7556}") = "Photosi.Test", "Photosi.Test\Photosi.Test.csproj", "{5C7E59B6-E138-4B20-9BAF-578F1793F173}"
EndProject
Project("{9A19103F-16F7-4668-BE54-9A1E7A4F7556}") = "Business.Users", "Business.Users\Business.Users.csproj", "{606B386A-9BF8-4665-BFCE-16F48D3EDFF2}"
EndProject
Project("{9A19103F-16F7-4668-BE54-9A1E7A4F7556}") = "Business.Products", "Business.Products\Business.Products.csproj", "{CA3477A7-C064-4EFF-9284-E23DE9E62B6E}"
EndProject
Project("{9A19103F-16F7-4668-BE54-9A1E7A4F7556}") = "Business.Orders", "Business.Orders\Business.Orders.csproj", "{2C1230DF-5ADB-4FA4-8508-2E940C0D83FC}"
EndProject
Project("{9A19103F-16F7-4668-BE54-9A1E7A4F7556}") = "Business.Address", "Business.Address\Business.Address.csproj", "{E965253F-4250-479E-A3CD-E75B057F344A}"
EndProject
Project("{9A19103F-16F7-4668-BE54-9A1E7A4F7556}") = "UserAPI", "UserAPI\UserAPI.csproj", "{AFFE06A7-1817-4286-9ADB-EF7C0765276E}"
EndProject
Project("{9A19103F-16F7-4668-BE54-9A1E7A4F7556}") = "ProductAPI", "ProductAPI\ProductAPI.csproj", "{30E82083-292F-47C6-8B4A-6E7D190E443D}"
EndProject
Project("{9A19103F-16F7-4668-BE54-9A1E7A4F7556}") = "OrderAPI", "OrderAPI\OrderAPI.csproj", "{E05CF668-0C4C-4D91-A934-E723203DBB92}"
EndProject
Project("{9A19103F-16F7-4668-BE54-9A1E7A4F7556}") = "AddressAPI", "AddressAPI\AddressAPI.csproj", "{0C3DE2FF-E1FD-46A7-85FE-2638E87D7158}"
EndProject
Project("{2150E333-8FDC-42A3-9474-1A3956D46DE8}") = "Orders", "Orders", "{4B616593-C783-4FA9-AD20-65B94B918256}"
EndProject
Project("{2150E333-8FDC-42A3-9474-1A3956D46DE8}") = "Products", "Products", "{54078A5E-23B7-46E3-84E3-B28FA61776FF}"
EndProject
Project("{9A19103F-16F7-4668-BE54-9A1E7A4F7556}") = "Data.Products", "Business.Data.Product\Data.Products.csproj", "{8BBB697C-DCBF-4356-9C76-CC90BC81259A}"
EndProject
Project("{2150E333-8FDC-42A3-9474-1A3956D46DE8}") = "Users", "Users", "{6FC6155F-9E4E-4E96-9AD0-931F5B97D0C3}"
	ProjectSection(SolutionItems) = preProject
		Query.Infrastructure\Readme.txt = Query.Infrastructure\Readme.txt
	EndProjectSection
EndProject
Project("{2150E333-8FDC-42A3-9474-1A3956D46DE8}") = "Address", "Address", "{CA957552-F814-4402-9E4B-08C52FB8E58E}"
EndProject
Project("{2150E333-8FDC-42A3-9474-1A3956D46DE8}") = "Sql script", "Sql script", "{561A5230-85C1-4010-98F9-4DA3F82F2D41}"
	ProjectSection(SolutionItems) = preProject
		photosi.sql = photosi.sql
	EndProjectSection
EndProject
Project("{9A19103F-16F7-4668-BE54-9A1E7A4F7556}") = "Data.Users", "Data.Users\Data.Users.csproj", "{19F631F7-FDCD-4050-A793-78B35229C9EA}"
EndProject
Project("{E53339B2-1760-4266-BCC7-CA923CBCF16C}") = "docker-compose", "docker-compose.dcproj", "{54B925AA-B963-40CE-BCDF-2B53161D138F}"
EndProject
Global
	GlobalSection(SolutionConfigurationPlatforms) = preSolution
		Debug|Any CPU = Debug|Any CPU
		Release|Any CPU = Release|Any CPU
	EndGlobalSection
	GlobalSection(ProjectConfigurationPlatforms) = postSolution
		{5C7E59B6-E138-4B20-9BAF-578F1793F173}.Debug|Any CPU.ActiveCfg = Debug|Any CPU
		{5C7E59B6-E138-4B20-9BAF-578F1793F173}.Debug|Any CPU.Build.0 = Debug|Any CPU
		{5C7E59B6-E138-4B20-9BAF-578F1793F173}.Release|Any CPU.ActiveCfg = Release|Any CPU
		{5C7E59B6-E138-4B20-9BAF-578F1793F173}.Release|Any CPU.Build.0 = Release|Any CPU
		{606B386A-9BF8-4665-BFCE-16F48D3EDFF2}.Debug|Any CPU.ActiveCfg = Debug|Any CPU
		{606B386A-9BF8-4665-BFCE-16F48D3EDFF2}.Debug|Any CPU.Build.0 = Debug|Any CPU
		{606B386A-9BF8-4665-BFCE-16F48D3EDFF2}.Release|Any CPU.ActiveCfg = Release|Any CPU
		{606B386A-9BF8-4665-BFCE-16F48D3EDFF2}.Release|Any CPU.Build.0 = Release|Any CPU
		{CA3477A7-C064-4EFF-9284-E23DE9E62B6E}.Debug|Any CPU.ActiveCfg = Debug|Any CPU
		{CA3477A7-C064-4EFF-9284-E23DE9E62B6E}.Debug|Any CPU.Build.0 = Debug|Any CPU
		{CA3477A7-C064-4EFF-9284-E23DE9E62B6E}.Release|Any CPU.ActiveCfg = Release|Any CPU
		{CA3477A7-C064-4EFF-9284-E23DE9E62B6E}.Release|Any CPU.Build.0 = Release|Any CPU
		{2C1230DF-5ADB-4FA4-8508-2E940C0D83FC}.Debug|Any CPU.ActiveCfg = Debug|Any CPU
		{2C1230DF-5ADB-4FA4-8508-2E940C0D83FC}.Debug|Any CPU.Build.0 = Debug|Any CPU
		{2C1230DF-5ADB-4FA4-8508-2E940C0D83FC}.Release|Any CPU.ActiveCfg = Release|Any CPU
		{2C1230DF-5ADB-4FA4-8508-2E940C0D83FC}.Release|Any CPU.Build.0 = Release|Any CPU
		{E965253F-4250-479E-A3CD-E75B057F344A}.Debug|Any CPU.ActiveCfg = Debug|Any CPU
		{E965253F-4250-479E-A3CD-E75B057F344A}.Debug|Any CPU.Build.0 = Debug|Any CPU
		{E965253F-4250-479E-A3CD-E75B057F344A}.Release|Any CPU.ActiveCfg = Release|Any CPU
		{E965253F-4250-479E-A3CD-E75B057F344A}.Release|Any CPU.Build.0 = Release|Any CPU
		{AFFE06A7-1817-4286-9ADB-EF7C0765276E}.Debug|Any CPU.ActiveCfg = Debug|Any CPU
		{AFFE06A7-1817-4286-9ADB-EF7C0765276E}.Debug|Any CPU.Build.0 = Debug|Any CPU
		{AFFE06A7-1817-4286-9ADB-EF7C0765276E}.Release|Any CPU.ActiveCfg = Release|Any CPU
		{AFFE06A7-1817-4286-9ADB-EF7C0765276E}.Release|Any CPU.Build.0 = Release|Any CPU
		{30E82083-292F-47C6-8B4A-6E7D190E443D}.Debug|Any CPU.ActiveCfg = Debug|Any CPU
		{30E82083-292F-47C6-8B4A-6E7D190E443D}.Debug|Any CPU.Build.0 = Debug|Any CPU
		{30E82083-292F-47C6-8B4A-6E7D190E443D}.Release|Any CPU.ActiveCfg = Release|Any CPU
		{30E82083-292F-47C6-8B4A-6E7D190E443D}.Release|Any CPU.Build.0 = Release|Any CPU
		{E05CF668-0C4C-4D91-A934-E723203DBB92}.Debug|Any CPU.ActiveCfg = Debug|Any CPU
		{E05CF668-0C4C-4D91-A934-E723203DBB92}.Debug|Any CPU.Build.0 = Debug|Any CPU
		{E05CF668-0C4C-4D91-A934-E723203DBB92}.Release|Any CPU.ActiveCfg = Release|Any CPU
		{E05CF668-0C4C-4D91-A934-E723203DBB92}.Release|Any CPU.Build.0 = Release|Any CPU
		{0C3DE2FF-E1FD-46A7-85FE-2638E87D7158}.Debug|Any CPU.ActiveCfg = Debug|Any CPU
		{0C3DE2FF-E1FD-46A7-85FE-2638E87D7158}.Debug|Any CPU.Build.0 = Debug|Any CPU
		{0C3DE2FF-E1FD-46A7-85FE-2638E87D7158}.Release|Any CPU.ActiveCfg = Release|Any CPU
		{0C3DE2FF-E1FD-46A7-85FE-2638E87D7158}.Release|Any CPU.Build.0 = Release|Any CPU
		{8BBB697C-DCBF-4356-9C76-CC90BC81259A}.Debug|Any CPU.ActiveCfg = Debug|Any CPU
		{8BBB697C-DCBF-4356-9C76-CC90BC81259A}.Debug|Any CPU.Build.0 = Debug|Any CPU
		{8BBB697C-DCBF-4356-9C76-CC90BC81259A}.Release|Any CPU.ActiveCfg = Release|Any CPU
		{8BBB697C-DCBF-4356-9C76-CC90BC81259A}.Release|Any CPU.Build.0 = Release|Any CPU
		{19F631F7-FDCD-4050-A793-78B35229C9EA}.Debug|Any CPU.ActiveCfg = Debug|Any CPU
		{19F631F7-FDCD-4050-A793-78B35229C9EA}.Debug|Any CPU.Build.0 = Debug|Any CPU
		{19F631F7-FDCD-4050-A793-78B35229C9EA}.Release|Any CPU.ActiveCfg = Release|Any CPU
		{19F631F7-FDCD-4050-A793-78B35229C9EA}.Release|Any CPU.Build.0 = Release|Any CPU
		{54B925AA-B963-40CE-BCDF-2B53161D138F}.Debug|Any CPU.ActiveCfg = Debug|Any CPU
		{54B925AA-B963-40CE-BCDF-2B53161D138F}.Debug|Any CPU.Build.0 = Debug|Any CPU
		{54B925AA-B963-40CE-BCDF-2B53161D138F}.Release|Any CPU.ActiveCfg = Release|Any CPU
		{54B925AA-B963-40CE-BCDF-2B53161D138F}.Release|Any CPU.Build.0 = Release|Any CPU
	EndGlobalSection
	GlobalSection(SolutionProperties) = preSolution
		HideSolutionNode = FALSE
	EndGlobalSection
	GlobalSection(NestedProjects) = preSolution
		{606B386A-9BF8-4665-BFCE-16F48D3EDFF2} = {6FC6155F-9E4E-4E96-9AD0-931F5B97D0C3}
		{CA3477A7-C064-4EFF-9284-E23DE9E62B6E} = {54078A5E-23B7-46E3-84E3-B28FA61776FF}
		{2C1230DF-5ADB-4FA4-8508-2E940C0D83FC} = {4B616593-C783-4FA9-AD20-65B94B918256}
		{E965253F-4250-479E-A3CD-E75B057F344A} = {CA957552-F814-4402-9E4B-08C52FB8E58E}
		{AFFE06A7-1817-4286-9ADB-EF7C0765276E} = {6FC6155F-9E4E-4E96-9AD0-931F5B97D0C3}
		{30E82083-292F-47C6-8B4A-6E7D190E443D} = {54078A5E-23B7-46E3-84E3-B28FA61776FF}
		{E05CF668-0C4C-4D91-A934-E723203DBB92} = {4B616593-C783-4FA9-AD20-65B94B918256}
		{0C3DE2FF-E1FD-46A7-85FE-2638E87D7158} = {CA957552-F814-4402-9E4B-08C52FB8E58E}
		{8BBB697C-DCBF-4356-9C76-CC90BC81259A} = {54078A5E-23B7-46E3-84E3-B28FA61776FF}
		{19F631F7-FDCD-4050-A793-78B35229C9EA} = {6FC6155F-9E4E-4E96-9AD0-931F5B97D0C3}
	EndGlobalSection
	GlobalSection(ExtensibilityGlobals) = postSolution
		SolutionGuid = {69169190-EB2C-48A7-843B-EA019E45BAB7}
	EndGlobalSection
EndGlobal
